// !$*UTF8*$!
{
	archiveVersion = 1;
	classes = {
	};
	objectVersion = 46;
	objects = {

/* Begin PBXBuildFile section */
		245D8A291D2758CE0067C04A /* AppDelegate.swift in Sources */ = {isa = PBXBuildFile; fileRef = 245D8A281D2758CE0067C04A /* AppDelegate.swift */; };
		245D8A2B1D2758CE0067C04A /* FirstViewController.swift in Sources */ = {isa = PBXBuildFile; fileRef = 245D8A2A1D2758CE0067C04A /* FirstViewController.swift */; };
		245D8A2D1D2758CE0067C04A /* SecondViewController.swift in Sources */ = {isa = PBXBuildFile; fileRef = 245D8A2C1D2758CE0067C04A /* SecondViewController.swift */; };
		245D8A301D2758CE0067C04A /* Main.storyboard in Resources */ = {isa = PBXBuildFile; fileRef = 245D8A2E1D2758CE0067C04A /* Main.storyboard */; };
		245D8A321D2758CE0067C04A /* Assets.xcassets in Resources */ = {isa = PBXBuildFile; fileRef = 245D8A311D2758CE0067C04A /* Assets.xcassets */; };
		245D8A351D2758CE0067C04A /* LaunchScreen.storyboard in Resources */ = {isa = PBXBuildFile; fileRef = 245D8A331D2758CE0067C04A /* LaunchScreen.storyboard */; };
		245D8A401D2758CE0067C04A /* cksappTests.swift in Sources */ = {isa = PBXBuildFile; fileRef = 245D8A3F1D2758CE0067C04A /* cksappTests.swift */; };
		245D8A4B1D2758CE0067C04A /* cksappUITests.swift in Sources */ = {isa = PBXBuildFile; fileRef = 245D8A4A1D2758CE0067C04A /* cksappUITests.swift */; };
		245D8A5C1D275AAB0067C04A /* UIImageViewNetwork.swift in Sources */ = {isa = PBXBuildFile; fileRef = 245D8A5B1D275AAB0067C04A /* UIImageViewNetwork.swift */; };
		245D8AA21D2763150067C04A /* BaseSectionManager.swift in Sources */ = {isa = PBXBuildFile; fileRef = 245D8AA11D2763150067C04A /* BaseSectionManager.swift */; };
		245D8AA41D2763330067C04A /* MainViewSectionManager.swift in Sources */ = {isa = PBXBuildFile; fileRef = 245D8AA31D2763330067C04A /* MainViewSectionManager.swift */; };
		245D8AA61D27634B0067C04A /* FeaturedGameSectionManager.swift in Sources */ = {isa = PBXBuildFile; fileRef = 245D8AA51D27634B0067C04A /* FeaturedGameSectionManager.swift */; };
		245D8AA81D27635E0067C04A /* AddNewGameSectionManager.swift in Sources */ = {isa = PBXBuildFile; fileRef = 245D8AA71D27635E0067C04A /* AddNewGameSectionManager.swift */; };
		245D8AAA1D2763750067C04A /* RestaurantSectionManager.swift in Sources */ = {isa = PBXBuildFile; fileRef = 245D8AA91D2763750067C04A /* RestaurantSectionManager.swift */; };
		245D8AAC1D2763870067C04A /* PlaceSectionManager.swift in Sources */ = {isa = PBXBuildFile; fileRef = 245D8AAB1D2763870067C04A /* PlaceSectionManager.swift */; };
		245D8AAE1D2763980067C04A /* LocalEventSectionManager.swift in Sources */ = {isa = PBXBuildFile; fileRef = 245D8AAD1D2763980067C04A /* LocalEventSectionManager.swift */; };
		245D8AB01D2763AD0067C04A /* ShoppingPlaceSectionManager.swift in Sources */ = {isa = PBXBuildFile; fileRef = 245D8AAF1D2763AD0067C04A /* ShoppingPlaceSectionManager.swift */; };
		245D8AB21D2763CA0067C04A /* ImageTitleCollectionViewCell.swift in Sources */ = {isa = PBXBuildFile; fileRef = 245D8AB11D2763CA0067C04A /* ImageTitleCollectionViewCell.swift */; };
		245D8AB41D2763DD0067C04A /* ImageTitleViewModel.swift in Sources */ = {isa = PBXBuildFile; fileRef = 245D8AB31D2763DD0067C04A /* ImageTitleViewModel.swift */; };
		245D8AB61D2763F80067C04A /* ImageTitleCollectionViewCell.xib in Resources */ = {isa = PBXBuildFile; fileRef = 245D8AB51D2763F80067C04A /* ImageTitleCollectionViewCell.xib */; };
		245D8AB81D2764040067C04A /* BaseCollectionViewCell.swift in Sources */ = {isa = PBXBuildFile; fileRef = 245D8AB71D2764040067C04A /* BaseCollectionViewCell.swift */; };
		245D8ABA1D2764140067C04A /* ContainerCollectionViewCell.swift in Sources */ = {isa = PBXBuildFile; fileRef = 245D8AB91D2764130067C04A /* ContainerCollectionViewCell.swift */; };
		245D8ABC1D2764260067C04A /* BaseCollectionView.swift in Sources */ = {isa = PBXBuildFile; fileRef = 245D8ABB1D2764260067C04A /* BaseCollectionView.swift */; };
		245D8ABE1D2764350067C04A /* ContainerCollectionViewCell.xib in Resources */ = {isa = PBXBuildFile; fileRef = 245D8ABD1D2764350067C04A /* ContainerCollectionViewCell.xib */; };
		245D8AC01D2764460067C04A /* BaseCollectionViewController.swift in Sources */ = {isa = PBXBuildFile; fileRef = 245D8ABF1D2764460067C04A /* BaseCollectionViewController.swift */; };
		245D8AC21D2764610067C04A /* MainCollectionViewController.swift in Sources */ = {isa = PBXBuildFile; fileRef = 245D8AC11D2764610067C04A /* MainCollectionViewController.swift */; };
		245D8AC41D2764730067C04A /* MyScheduleViewController.swift in Sources */ = {isa = PBXBuildFile; fileRef = 245D8AC31D2764730067C04A /* MyScheduleViewController.swift */; };
		245D8AC61D27648A0067C04A /* ColorConstants.swift in Sources */ = {isa = PBXBuildFile; fileRef = 245D8AC51D27648A0067C04A /* ColorConstants.swift */; };
		245D8AC81D27649C0067C04A /* Constants.swift in Sources */ = {isa = PBXBuildFile; fileRef = 245D8AC71D27649C0067C04A /* Constants.swift */; };
		245D8ACA1D2764C40067C04A /* BaseObject.swift in Sources */ = {isa = PBXBuildFile; fileRef = 245D8AC91D2764C40067C04A /* BaseObject.swift */; };
		245D8ACC1D2764D20067C04A /* Event.swift in Sources */ = {isa = PBXBuildFile; fileRef = 245D8ACB1D2764D20067C04A /* Event.swift */; };
		245D8ACE1D2764E10067C04A /* Location.swift in Sources */ = {isa = PBXBuildFile; fileRef = 245D8ACD1D2764E10067C04A /* Location.swift */; };
		245D8AD01D2764F70067C04A /* Country.swift in Sources */ = {isa = PBXBuildFile; fileRef = 245D8ACF1D2764F70067C04A /* Country.swift */; };
		245D8AD21D2765020067C04A /* Player.swift in Sources */ = {isa = PBXBuildFile; fileRef = 245D8AD11D2765020067C04A /* Player.swift */; };
		245D8AD41D27650A0067C04A /* User.swift in Sources */ = {isa = PBXBuildFile; fileRef = 245D8AD31D27650A0067C04A /* User.swift */; };
		245D8AD61D2765250067C04A /* UserSchedule.swift in Sources */ = {isa = PBXBuildFile; fileRef = 245D8AD51D2765250067C04A /* UserSchedule.swift */; };
		245D8AD81D2765320067C04A /* Photo.swift in Sources */ = {isa = PBXBuildFile; fileRef = 245D8AD71D2765320067C04A /* Photo.swift */; };
		245D8ADA1D27655B0067C04A /* BaseService.swift in Sources */ = {isa = PBXBuildFile; fileRef = 245D8AD91D27655B0067C04A /* BaseService.swift */; };
		245D8ADC1D2765730067C04A /* GameService.swift in Sources */ = {isa = PBXBuildFile; fileRef = 245D8ADB1D2765730067C04A /* GameService.swift */; };
		245D8ADE1D276AE00067C04A /* MyScheduleSectionManager.swift in Sources */ = {isa = PBXBuildFile; fileRef = 245D8ADD1D276AE00067C04A /* MyScheduleSectionManager.swift */; };
		245D8AE01D276BB30067C04A /* DaySchdeduleManager.swift in Sources */ = {isa = PBXBuildFile; fileRef = 245D8ADF1D276BB30067C04A /* DaySchdeduleManager.swift */; };
		245D8AE21D2772190067C04A /* DateHelper.swift in Sources */ = {isa = PBXBuildFile; fileRef = 245D8AE11D2772190067C04A /* DateHelper.swift */; };
/* End PBXBuildFile section */

/* Begin PBXContainerItemProxy section */
		245D8A3C1D2758CE0067C04A /* PBXContainerItemProxy */ = {
			isa = PBXContainerItemProxy;
			containerPortal = 245D8A1D1D2758CE0067C04A /* Project object */;
			proxyType = 1;
			remoteGlobalIDString = 245D8A241D2758CE0067C04A;
			remoteInfo = cksapp;
		};
		245D8A471D2758CE0067C04A /* PBXContainerItemProxy */ = {
			isa = PBXContainerItemProxy;
			containerPortal = 245D8A1D1D2758CE0067C04A /* Project object */;
			proxyType = 1;
			remoteGlobalIDString = 245D8A241D2758CE0067C04A;
			remoteInfo = cksapp;
		};
/* End PBXContainerItemProxy section */

/* Begin PBXFileReference section */
		245D8A251D2758CE0067C04A /* cksapp.app */ = {isa = PBXFileReference; explicitFileType = wrapper.application; includeInIndex = 0; path = cksapp.app; sourceTree = BUILT_PRODUCTS_DIR; };
		245D8A281D2758CE0067C04A /* AppDelegate.swift */ = {isa = PBXFileReference; lastKnownFileType = sourcecode.swift; path = AppDelegate.swift; sourceTree = "<group>"; };
		245D8A2A1D2758CE0067C04A /* FirstViewController.swift */ = {isa = PBXFileReference; lastKnownFileType = sourcecode.swift; path = FirstViewController.swift; sourceTree = "<group>"; };
		245D8A2C1D2758CE0067C04A /* SecondViewController.swift */ = {isa = PBXFileReference; lastKnownFileType = sourcecode.swift; path = SecondViewController.swift; sourceTree = "<group>"; };
		245D8A2F1D2758CE0067C04A /* Base */ = {isa = PBXFileReference; lastKnownFileType = file.storyboard; name = Base; path = Base.lproj/Main.storyboard; sourceTree = "<group>"; };
		245D8A311D2758CE0067C04A /* Assets.xcassets */ = {isa = PBXFileReference; lastKnownFileType = folder.assetcatalog; path = Assets.xcassets; sourceTree = "<group>"; };
		245D8A341D2758CE0067C04A /* Base */ = {isa = PBXFileReference; lastKnownFileType = file.storyboard; name = Base; path = Base.lproj/LaunchScreen.storyboard; sourceTree = "<group>"; };
		245D8A361D2758CE0067C04A /* Info.plist */ = {isa = PBXFileReference; lastKnownFileType = text.plist.xml; path = Info.plist; sourceTree = "<group>"; };
		245D8A3B1D2758CE0067C04A /* cksappTests.xctest */ = {isa = PBXFileReference; explicitFileType = wrapper.cfbundle; includeInIndex = 0; path = cksappTests.xctest; sourceTree = BUILT_PRODUCTS_DIR; };
		245D8A3F1D2758CE0067C04A /* cksappTests.swift */ = {isa = PBXFileReference; lastKnownFileType = sourcecode.swift; path = cksappTests.swift; sourceTree = "<group>"; };
		245D8A411D2758CE0067C04A /* Info.plist */ = {isa = PBXFileReference; lastKnownFileType = text.plist.xml; path = Info.plist; sourceTree = "<group>"; };
		245D8A461D2758CE0067C04A /* cksappUITests.xctest */ = {isa = PBXFileReference; explicitFileType = wrapper.cfbundle; includeInIndex = 0; path = cksappUITests.xctest; sourceTree = BUILT_PRODUCTS_DIR; };
		245D8A4A1D2758CE0067C04A /* cksappUITests.swift */ = {isa = PBXFileReference; lastKnownFileType = sourcecode.swift; path = cksappUITests.swift; sourceTree = "<group>"; };
		245D8A4C1D2758CE0067C04A /* Info.plist */ = {isa = PBXFileReference; lastKnownFileType = text.plist.xml; path = Info.plist; sourceTree = "<group>"; };
		245D8A5B1D275AAB0067C04A /* UIImageViewNetwork.swift */ = {isa = PBXFileReference; fileEncoding = 4; lastKnownFileType = sourcecode.swift; path = UIImageViewNetwork.swift; sourceTree = "<group>"; };
		245D8AA11D2763150067C04A /* BaseSectionManager.swift */ = {isa = PBXFileReference; fileEncoding = 4; lastKnownFileType = sourcecode.swift; path = BaseSectionManager.swift; sourceTree = "<group>"; };
		245D8AA31D2763330067C04A /* MainViewSectionManager.swift */ = {isa = PBXFileReference; fileEncoding = 4; lastKnownFileType = sourcecode.swift; path = MainViewSectionManager.swift; sourceTree = "<group>"; };
		245D8AA51D27634B0067C04A /* FeaturedGameSectionManager.swift */ = {isa = PBXFileReference; fileEncoding = 4; lastKnownFileType = sourcecode.swift; path = FeaturedGameSectionManager.swift; sourceTree = "<group>"; };
		245D8AA71D27635E0067C04A /* AddNewGameSectionManager.swift */ = {isa = PBXFileReference; fileEncoding = 4; lastKnownFileType = sourcecode.swift; path = AddNewGameSectionManager.swift; sourceTree = "<group>"; };
		245D8AA91D2763750067C04A /* RestaurantSectionManager.swift */ = {isa = PBXFileReference; fileEncoding = 4; lastKnownFileType = sourcecode.swift; path = RestaurantSectionManager.swift; sourceTree = "<group>"; };
		245D8AAB1D2763870067C04A /* PlaceSectionManager.swift */ = {isa = PBXFileReference; fileEncoding = 4; lastKnownFileType = sourcecode.swift; path = PlaceSectionManager.swift; sourceTree = "<group>"; };
		245D8AAD1D2763980067C04A /* LocalEventSectionManager.swift */ = {isa = PBXFileReference; fileEncoding = 4; lastKnownFileType = sourcecode.swift; path = LocalEventSectionManager.swift; sourceTree = "<group>"; };
		245D8AAF1D2763AD0067C04A /* ShoppingPlaceSectionManager.swift */ = {isa = PBXFileReference; fileEncoding = 4; lastKnownFileType = sourcecode.swift; path = ShoppingPlaceSectionManager.swift; sourceTree = "<group>"; };
		245D8AB11D2763CA0067C04A /* ImageTitleCollectionViewCell.swift */ = {isa = PBXFileReference; fileEncoding = 4; lastKnownFileType = sourcecode.swift; path = ImageTitleCollectionViewCell.swift; sourceTree = "<group>"; };
		245D8AB31D2763DD0067C04A /* ImageTitleViewModel.swift */ = {isa = PBXFileReference; fileEncoding = 4; lastKnownFileType = sourcecode.swift; path = ImageTitleViewModel.swift; sourceTree = "<group>"; };
		245D8AB51D2763F80067C04A /* ImageTitleCollectionViewCell.xib */ = {isa = PBXFileReference; fileEncoding = 4; lastKnownFileType = file.xib; path = ImageTitleCollectionViewCell.xib; sourceTree = "<group>"; };
		245D8AB71D2764040067C04A /* BaseCollectionViewCell.swift */ = {isa = PBXFileReference; fileEncoding = 4; lastKnownFileType = sourcecode.swift; path = BaseCollectionViewCell.swift; sourceTree = "<group>"; };
		245D8AB91D2764130067C04A /* ContainerCollectionViewCell.swift */ = {isa = PBXFileReference; fileEncoding = 4; lastKnownFileType = sourcecode.swift; path = ContainerCollectionViewCell.swift; sourceTree = "<group>"; };
		245D8ABB1D2764260067C04A /* BaseCollectionView.swift */ = {isa = PBXFileReference; fileEncoding = 4; lastKnownFileType = sourcecode.swift; path = BaseCollectionView.swift; sourceTree = "<group>"; };
		245D8ABD1D2764350067C04A /* ContainerCollectionViewCell.xib */ = {isa = PBXFileReference; fileEncoding = 4; lastKnownFileType = file.xib; path = ContainerCollectionViewCell.xib; sourceTree = "<group>"; };
		245D8ABF1D2764460067C04A /* BaseCollectionViewController.swift */ = {isa = PBXFileReference; fileEncoding = 4; lastKnownFileType = sourcecode.swift; path = BaseCollectionViewController.swift; sourceTree = "<group>"; };
		245D8AC11D2764610067C04A /* MainCollectionViewController.swift */ = {isa = PBXFileReference; fileEncoding = 4; lastKnownFileType = sourcecode.swift; path = MainCollectionViewController.swift; sourceTree = "<group>"; };
		245D8AC31D2764730067C04A /* MyScheduleViewController.swift */ = {isa = PBXFileReference; fileEncoding = 4; lastKnownFileType = sourcecode.swift; path = MyScheduleViewController.swift; sourceTree = "<group>"; };
		245D8AC51D27648A0067C04A /* ColorConstants.swift */ = {isa = PBXFileReference; fileEncoding = 4; lastKnownFileType = sourcecode.swift; path = ColorConstants.swift; sourceTree = "<group>"; };
		245D8AC71D27649C0067C04A /* Constants.swift */ = {isa = PBXFileReference; fileEncoding = 4; lastKnownFileType = sourcecode.swift; path = Constants.swift; sourceTree = "<group>"; };
		245D8AC91D2764C40067C04A /* BaseObject.swift */ = {isa = PBXFileReference; fileEncoding = 4; lastKnownFileType = sourcecode.swift; path = BaseObject.swift; sourceTree = "<group>"; };
		245D8ACB1D2764D20067C04A /* Event.swift */ = {isa = PBXFileReference; fileEncoding = 4; lastKnownFileType = sourcecode.swift; path = Event.swift; sourceTree = "<group>"; };
		245D8ACD1D2764E10067C04A /* Location.swift */ = {isa = PBXFileReference; fileEncoding = 4; lastKnownFileType = sourcecode.swift; path = Location.swift; sourceTree = "<group>"; };
		245D8ACF1D2764F70067C04A /* Country.swift */ = {isa = PBXFileReference; fileEncoding = 4; lastKnownFileType = sourcecode.swift; path = Country.swift; sourceTree = "<group>"; };
		245D8AD11D2765020067C04A /* Player.swift */ = {isa = PBXFileReference; fileEncoding = 4; lastKnownFileType = sourcecode.swift; path = Player.swift; sourceTree = "<group>"; };
		245D8AD31D27650A0067C04A /* User.swift */ = {isa = PBXFileReference; fileEncoding = 4; lastKnownFileType = sourcecode.swift; path = User.swift; sourceTree = "<group>"; };
		245D8AD51D2765250067C04A /* UserSchedule.swift */ = {isa = PBXFileReference; fileEncoding = 4; lastKnownFileType = sourcecode.swift; path = UserSchedule.swift; sourceTree = "<group>"; };
		245D8AD71D2765320067C04A /* Photo.swift */ = {isa = PBXFileReference; fileEncoding = 4; lastKnownFileType = sourcecode.swift; path = Photo.swift; sourceTree = "<group>"; };
		245D8AD91D27655B0067C04A /* BaseService.swift */ = {isa = PBXFileReference; fileEncoding = 4; lastKnownFileType = sourcecode.swift; path = BaseService.swift; sourceTree = "<group>"; };
		245D8ADB1D2765730067C04A /* GameService.swift */ = {isa = PBXFileReference; fileEncoding = 4; lastKnownFileType = sourcecode.swift; path = GameService.swift; sourceTree = "<group>"; };
		245D8ADD1D276AE00067C04A /* MyScheduleSectionManager.swift */ = {isa = PBXFileReference; fileEncoding = 4; lastKnownFileType = sourcecode.swift; path = MyScheduleSectionManager.swift; sourceTree = "<group>"; };
		245D8ADF1D276BB30067C04A /* DaySchdeduleManager.swift */ = {isa = PBXFileReference; fileEncoding = 4; lastKnownFileType = sourcecode.swift; path = DaySchdeduleManager.swift; sourceTree = "<group>"; };
		245D8AE11D2772190067C04A /* DateHelper.swift */ = {isa = PBXFileReference; fileEncoding = 4; lastKnownFileType = sourcecode.swift; path = DateHelper.swift; sourceTree = "<group>"; };
/* End PBXFileReference section */

/* Begin PBXFrameworksBuildPhase section */
		245D8A221D2758CE0067C04A /* Frameworks */ = {
			isa = PBXFrameworksBuildPhase;
			buildActionMask = 2147483647;
			files = (
			);
			runOnlyForDeploymentPostprocessing = 0;
		};
		245D8A381D2758CE0067C04A /* Frameworks */ = {
			isa = PBXFrameworksBuildPhase;
			buildActionMask = 2147483647;
			files = (
			);
			runOnlyForDeploymentPostprocessing = 0;
		};
		245D8A431D2758CE0067C04A /* Frameworks */ = {
			isa = PBXFrameworksBuildPhase;
			buildActionMask = 2147483647;
			files = (
			);
			runOnlyForDeploymentPostprocessing = 0;
		};
/* End PBXFrameworksBuildPhase section */

/* Begin PBXGroup section */
		245D8A1C1D2758CE0067C04A = {
			isa = PBXGroup;
			children = (
				245D8A271D2758CE0067C04A /* cksapp */,
				245D8A3E1D2758CE0067C04A /* cksappTests */,
				245D8A491D2758CE0067C04A /* cksappUITests */,
				245D8A261D2758CE0067C04A /* Products */,
			);
			sourceTree = "<group>";
		};
		245D8A261D2758CE0067C04A /* Products */ = {
			isa = PBXGroup;
			children = (
				245D8A251D2758CE0067C04A /* cksapp.app */,
				245D8A3B1D2758CE0067C04A /* cksappTests.xctest */,
				245D8A461D2758CE0067C04A /* cksappUITests.xctest */,
			);
			name = Products;
			sourceTree = "<group>";
		};
		245D8A271D2758CE0067C04A /* cksapp */ = {
			isa = PBXGroup;
			children = (
				245D8A581D275AAB0067C04A /* Classes */,
				245D8A281D2758CE0067C04A /* AppDelegate.swift */,
				245D8A2A1D2758CE0067C04A /* FirstViewController.swift */,
				245D8A2C1D2758CE0067C04A /* SecondViewController.swift */,
				245D8A2E1D2758CE0067C04A /* Main.storyboard */,
				245D8A311D2758CE0067C04A /* Assets.xcassets */,
				245D8A331D2758CE0067C04A /* LaunchScreen.storyboard */,
				245D8A361D2758CE0067C04A /* Info.plist */,
			);
			path = cksapp;
			sourceTree = "<group>";
		};
		245D8A3E1D2758CE0067C04A /* cksappTests */ = {
			isa = PBXGroup;
			children = (
				245D8A3F1D2758CE0067C04A /* cksappTests.swift */,
				245D8A411D2758CE0067C04A /* Info.plist */,
			);
			path = cksappTests;
			sourceTree = "<group>";
		};
		245D8A491D2758CE0067C04A /* cksappUITests */ = {
			isa = PBXGroup;
			children = (
				245D8A4A1D2758CE0067C04A /* cksappUITests.swift */,
				245D8A4C1D2758CE0067C04A /* Info.plist */,
			);
			path = cksappUITests;
			sourceTree = "<group>";
		};
		245D8A581D275AAB0067C04A /* Classes */ = {
			isa = PBXGroup;
			children = (
				245D8A6E1D2762490067C04A /* ViewControllers */,
				245D8A5D1D2762490067C04A /* API */,
				245D8A5E1D2762490067C04A /* Constants */,
				245D8A611D2762490067C04A /* Datamodel */,
				245D8A6B1D2762490067C04A /* Service */,
				245D8A591D275AAB0067C04A /* Libraries */,
			);
			path = Classes;
			sourceTree = "<group>";
		};
		245D8A591D275AAB0067C04A /* Libraries */ = {
			isa = PBXGroup;
			children = (
				245D8A5A1D275AAB0067C04A /* UIImageViewNetwork */,
			);
			path = Libraries;
			sourceTree = "<group>";
		};
		245D8A5A1D275AAB0067C04A /* UIImageViewNetwork */ = {
			isa = PBXGroup;
			children = (
				245D8A5B1D275AAB0067C04A /* UIImageViewNetwork.swift */,
			);
			path = UIImageViewNetwork;
			sourceTree = "<group>";
		};
		245D8A5D1D2762490067C04A /* API */ = {
			isa = PBXGroup;
			children = (
			);
			path = API;
			sourceTree = "<group>";
		};
		245D8A5E1D2762490067C04A /* Constants */ = {
			isa = PBXGroup;
			children = (
				245D8AC51D27648A0067C04A /* ColorConstants.swift */,
				245D8AC71D27649C0067C04A /* Constants.swift */,
				245D8AE11D2772190067C04A /* DateHelper.swift */,
			);
			path = Constants;
			sourceTree = "<group>";
		};
		245D8A611D2762490067C04A /* Datamodel */ = {
			isa = PBXGroup;
			children = (
				245D8A681D2762490067C04A /* Scrubber */,
			);
			path = Datamodel;
			sourceTree = "<group>";
		};
		245D8A681D2762490067C04A /* Scrubber */ = {
			isa = PBXGroup;
			children = (
				245D8AC91D2764C40067C04A /* BaseObject.swift */,
				245D8ACB1D2764D20067C04A /* Event.swift */,
				245D8ACD1D2764E10067C04A /* Location.swift */,
				245D8ACF1D2764F70067C04A /* Country.swift */,
				245D8AD11D2765020067C04A /* Player.swift */,
				245D8AD31D27650A0067C04A /* User.swift */,
				245D8AD51D2765250067C04A /* UserSchedule.swift */,
				245D8AD71D2765320067C04A /* Photo.swift */,
			);
			path = Scrubber;
			sourceTree = "<group>";
		};
		245D8A6B1D2762490067C04A /* Service */ = {
			isa = PBXGroup;
			children = (
				245D8AD91D27655B0067C04A /* BaseService.swift */,
				245D8ADB1D2765730067C04A /* GameService.swift */,
			);
			path = Service;
			sourceTree = "<group>";
		};
		245D8A6E1D2762490067C04A /* ViewControllers */ = {
			isa = PBXGroup;
			children = (
				245D8A721D2762490067C04A /* SectionsManagers */,
				245D8A7B1D2762490067C04A /* Views */,
				245D8ABF1D2764460067C04A /* BaseCollectionViewController.swift */,
				245D8AC11D2764610067C04A /* MainCollectionViewController.swift */,
				245D8AC31D2764730067C04A /* MyScheduleViewController.swift */,
			);
			path = ViewControllers;
			sourceTree = "<group>";
		};
		245D8A721D2762490067C04A /* SectionsManagers */ = {
			isa = PBXGroup;
			children = (
				245D8AA11D2763150067C04A /* BaseSectionManager.swift */,
				245D8AA31D2763330067C04A /* MainViewSectionManager.swift */,
				245D8AA51D27634B0067C04A /* FeaturedGameSectionManager.swift */,
				245D8AA71D27635E0067C04A /* AddNewGameSectionManager.swift */,
				245D8AA91D2763750067C04A /* RestaurantSectionManager.swift */,
				245D8AAB1D2763870067C04A /* PlaceSectionManager.swift */,
				245D8AAD1D2763980067C04A /* LocalEventSectionManager.swift */,
				245D8AAF1D2763AD0067C04A /* ShoppingPlaceSectionManager.swift */,
				245D8ADD1D276AE00067C04A /* MyScheduleSectionManager.swift */,
				245D8ADF1D276BB30067C04A /* DaySchdeduleManager.swift */,
			);
			path = SectionsManagers;
			sourceTree = "<group>";
		};
		245D8A7B1D2762490067C04A /* Views */ = {
			isa = PBXGroup;
			children = (
				245D8AB11D2763CA0067C04A /* ImageTitleCollectionViewCell.swift */,
				245D8AB31D2763DD0067C04A /* ImageTitleViewModel.swift */,
				245D8AB51D2763F80067C04A /* ImageTitleCollectionViewCell.xib */,
				245D8AB71D2764040067C04A /* BaseCollectionViewCell.swift */,
				245D8AB91D2764130067C04A /* ContainerCollectionViewCell.swift */,
				245D8ABD1D2764350067C04A /* ContainerCollectionViewCell.xib */,
				245D8ABB1D2764260067C04A /* BaseCollectionView.swift */,
			);
			path = Views;
			sourceTree = "<group>";
		};
/* End PBXGroup section */

/* Begin PBXNativeTarget section */
		245D8A241D2758CE0067C04A /* cksapp */ = {
			isa = PBXNativeTarget;
			buildConfigurationList = 245D8A4F1D2758CE0067C04A /* Build configuration list for PBXNativeTarget "cksapp" */;
			buildPhases = (
				245D8A211D2758CE0067C04A /* Sources */,
				245D8A221D2758CE0067C04A /* Frameworks */,
				245D8A231D2758CE0067C04A /* Resources */,
			);
			buildRules = (
			);
			dependencies = (
			);
			name = cksapp;
			productName = cksapp;
			productReference = 245D8A251D2758CE0067C04A /* cksapp.app */;
			productType = "com.apple.product-type.application";
		};
		245D8A3A1D2758CE0067C04A /* cksappTests */ = {
			isa = PBXNativeTarget;
			buildConfigurationList = 245D8A521D2758CE0067C04A /* Build configuration list for PBXNativeTarget "cksappTests" */;
			buildPhases = (
				245D8A371D2758CE0067C04A /* Sources */,
				245D8A381D2758CE0067C04A /* Frameworks */,
				245D8A391D2758CE0067C04A /* Resources */,
			);
			buildRules = (
			);
			dependencies = (
				245D8A3D1D2758CE0067C04A /* PBXTargetDependency */,
			);
			name = cksappTests;
			productName = cksappTests;
			productReference = 245D8A3B1D2758CE0067C04A /* cksappTests.xctest */;
			productType = "com.apple.product-type.bundle.unit-test";
		};
		245D8A451D2758CE0067C04A /* cksappUITests */ = {
			isa = PBXNativeTarget;
			buildConfigurationList = 245D8A551D2758CE0067C04A /* Build configuration list for PBXNativeTarget "cksappUITests" */;
			buildPhases = (
				245D8A421D2758CE0067C04A /* Sources */,
				245D8A431D2758CE0067C04A /* Frameworks */,
				245D8A441D2758CE0067C04A /* Resources */,
			);
			buildRules = (
			);
			dependencies = (
				245D8A481D2758CE0067C04A /* PBXTargetDependency */,
			);
			name = cksappUITests;
			productName = cksappUITests;
			productReference = 245D8A461D2758CE0067C04A /* cksappUITests.xctest */;
			productType = "com.apple.product-type.bundle.ui-testing";
		};
/* End PBXNativeTarget section */

/* Begin PBXProject section */
		245D8A1D1D2758CE0067C04A /* Project object */ = {
			isa = PBXProject;
			attributes = {
				LastSwiftUpdateCheck = 0730;
				LastUpgradeCheck = 0730;
				ORGANIZATIONNAME = "Bhupendra Singh";
				TargetAttributes = {
					245D8A241D2758CE0067C04A = {
						CreatedOnToolsVersion = 7.3.1;
					};
					245D8A3A1D2758CE0067C04A = {
						CreatedOnToolsVersion = 7.3.1;
						TestTargetID = 245D8A241D2758CE0067C04A;
					};
					245D8A451D2758CE0067C04A = {
						CreatedOnToolsVersion = 7.3.1;
						TestTargetID = 245D8A241D2758CE0067C04A;
					};
				};
			};
			buildConfigurationList = 245D8A201D2758CE0067C04A /* Build configuration list for PBXProject "cksapp" */;
			compatibilityVersion = "Xcode 3.2";
			developmentRegion = English;
			hasScannedForEncodings = 0;
			knownRegions = (
				en,
				Base,
			);
			mainGroup = 245D8A1C1D2758CE0067C04A;
			productRefGroup = 245D8A261D2758CE0067C04A /* Products */;
			projectDirPath = "";
			projectRoot = "";
			targets = (
				245D8A241D2758CE0067C04A /* cksapp */,
				245D8A3A1D2758CE0067C04A /* cksappTests */,
				245D8A451D2758CE0067C04A /* cksappUITests */,
			);
		};
/* End PBXProject section */

/* Begin PBXResourcesBuildPhase section */
		245D8A231D2758CE0067C04A /* Resources */ = {
			isa = PBXResourcesBuildPhase;
			buildActionMask = 2147483647;
			files = (
				245D8ABE1D2764350067C04A /* ContainerCollectionViewCell.xib in Resources */,
				245D8A351D2758CE0067C04A /* LaunchScreen.storyboard in Resources */,
				245D8A321D2758CE0067C04A /* Assets.xcassets in Resources */,
				245D8AB61D2763F80067C04A /* ImageTitleCollectionViewCell.xib in Resources */,
				245D8A301D2758CE0067C04A /* Main.storyboard in Resources */,
			);
			runOnlyForDeploymentPostprocessing = 0;
		};
		245D8A391D2758CE0067C04A /* Resources */ = {
			isa = PBXResourcesBuildPhase;
			buildActionMask = 2147483647;
			files = (
			);
			runOnlyForDeploymentPostprocessing = 0;
		};
		245D8A441D2758CE0067C04A /* Resources */ = {
			isa = PBXResourcesBuildPhase;
			buildActionMask = 2147483647;
			files = (
			);
			runOnlyForDeploymentPostprocessing = 0;
		};
/* End PBXResourcesBuildPhase section */

/* Begin PBXSourcesBuildPhase section */
		245D8A211D2758CE0067C04A /* Sources */ = {
			isa = PBXSourcesBuildPhase;
			buildActionMask = 2147483647;
			files = (
				245D8AC21D2764610067C04A /* MainCollectionViewController.swift in Sources */,
				245D8AC81D27649C0067C04A /* Constants.swift in Sources */,
				245D8A2D1D2758CE0067C04A /* SecondViewController.swift in Sources */,
				245D8AB21D2763CA0067C04A /* ImageTitleCollectionViewCell.swift in Sources */,
				245D8AD01D2764F70067C04A /* Country.swift in Sources */,
				245D8AE21D2772190067C04A /* DateHelper.swift in Sources */,
				245D8ABA1D2764140067C04A /* ContainerCollectionViewCell.swift in Sources */,
				245D8AA41D2763330067C04A /* MainViewSectionManager.swift in Sources */,
				245D8AB41D2763DD0067C04A /* ImageTitleViewModel.swift in Sources */,
				245D8ACE1D2764E10067C04A /* Location.swift in Sources */,
				245D8AA21D2763150067C04A /* BaseSectionManager.swift in Sources */,
				245D8AE01D276BB30067C04A /* DaySchdeduleManager.swift in Sources */,
				245D8ADE1D276AE00067C04A /* MyScheduleSectionManager.swift in Sources */,
				245D8AB81D2764040067C04A /* BaseCollectionViewCell.swift in Sources */,
				245D8AAA1D2763750067C04A /* RestaurantSectionManager.swift in Sources */,
				245D8AC61D27648A0067C04A /* ColorConstants.swift in Sources */,
				245D8A5C1D275AAB0067C04A /* UIImageViewNetwork.swift in Sources */,
				245D8AC01D2764460067C04A /* BaseCollectionViewController.swift in Sources */,
				245D8AC41D2764730067C04A /* MyScheduleViewController.swift in Sources */,
				245D8A291D2758CE0067C04A /* AppDelegate.swift in Sources */,
				245D8A2B1D2758CE0067C04A /* FirstViewController.swift in Sources */,
				245D8ACC1D2764D20067C04A /* Event.swift in Sources */,
				245D8AA81D27635E0067C04A /* AddNewGameSectionManager.swift in Sources */,
				245D8AD41D27650A0067C04A /* User.swift in Sources */,
				245D8AA61D27634B0067C04A /* FeaturedGameSectionManager.swift in Sources */,
				245D8AD61D2765250067C04A /* UserSchedule.swift in Sources */,
				245D8ADC1D2765730067C04A /* GameService.swift in Sources */,
				245D8ACA1D2764C40067C04A /* BaseObject.swift in Sources */,
				245D8AD81D2765320067C04A /* Photo.swift in Sources */,
				245D8AAC1D2763870067C04A /* PlaceSectionManager.swift in Sources */,
				245D8ADA1D27655B0067C04A /* BaseService.swift in Sources */,
				245D8AAE1D2763980067C04A /* LocalEventSectionManager.swift in Sources */,
				245D8AB01D2763AD0067C04A /* ShoppingPlaceSectionManager.swift in Sources */,
				245D8AD21D2765020067C04A /* Player.swift in Sources */,
				245D8ABC1D2764260067C04A /* BaseCollectionView.swift in Sources */,
			);
			runOnlyForDeploymentPostprocessing = 0;
		};
		245D8A371D2758CE0067C04A /* Sources */ = {
			isa = PBXSourcesBuildPhase;
			buildActionMask = 2147483647;
			files = (
				245D8A401D2758CE0067C04A /* cksappTests.swift in Sources */,
			);
			runOnlyForDeploymentPostprocessing = 0;
		};
		245D8A421D2758CE0067C04A /* Sources */ = {
			isa = PBXSourcesBuildPhase;
			buildActionMask = 2147483647;
			files = (
				245D8A4B1D2758CE0067C04A /* cksappUITests.swift in Sources */,
			);
			runOnlyForDeploymentPostprocessing = 0;
		};
/* End PBXSourcesBuildPhase section */

/* Begin PBXTargetDependency section */
		245D8A3D1D2758CE0067C04A /* PBXTargetDependency */ = {
			isa = PBXTargetDependency;
			target = 245D8A241D2758CE0067C04A /* cksapp */;
			targetProxy = 245D8A3C1D2758CE0067C04A /* PBXContainerItemProxy */;
		};
		245D8A481D2758CE0067C04A /* PBXTargetDependency */ = {
			isa = PBXTargetDependency;
			target = 245D8A241D2758CE0067C04A /* cksapp */;
			targetProxy = 245D8A471D2758CE0067C04A /* PBXContainerItemProxy */;
		};
/* End PBXTargetDependency section */

/* Begin PBXVariantGroup section */
		245D8A2E1D2758CE0067C04A /* Main.storyboard */ = {
			isa = PBXVariantGroup;
			children = (
				245D8A2F1D2758CE0067C04A /* Base */,
			);
			name = Main.storyboard;
			sourceTree = "<group>";
		};
		245D8A331D2758CE0067C04A /* LaunchScreen.storyboard */ = {
			isa = PBXVariantGroup;
			children = (
				245D8A341D2758CE0067C04A /* Base */,
			);
			name = LaunchScreen.storyboard;
			sourceTree = "<group>";
		};
/* End PBXVariantGroup section */

/* Begin XCBuildConfiguration section */
		245D8A4D1D2758CE0067C04A /* Debug */ = {
			isa = XCBuildConfiguration;
			buildSettings = {
				ALWAYS_SEARCH_USER_PATHS = NO;
				CLANG_ANALYZER_NONNULL = YES;
				CLANG_CXX_LANGUAGE_STANDARD = "gnu++0x";
				CLANG_CXX_LIBRARY = "libc++";
				CLANG_ENABLE_MODULES = YES;
				CLANG_ENABLE_OBJC_ARC = YES;
				CLANG_WARN_BOOL_CONVERSION = YES;
				CLANG_WARN_CONSTANT_CONVERSION = YES;
				CLANG_WARN_DIRECT_OBJC_ISA_USAGE = YES_ERROR;
				CLANG_WARN_EMPTY_BODY = YES;
				CLANG_WARN_ENUM_CONVERSION = YES;
				CLANG_WARN_INT_CONVERSION = YES;
				CLANG_WARN_OBJC_ROOT_CLASS = YES_ERROR;
				CLANG_WARN_UNREACHABLE_CODE = YES;
				CLANG_WARN__DUPLICATE_METHOD_MATCH = YES;
				"CODE_SIGN_IDENTITY[sdk=iphoneos*]" = "iPhone Developer";
				COPY_PHASE_STRIP = NO;
				DEBUG_INFORMATION_FORMAT = dwarf;
				ENABLE_STRICT_OBJC_MSGSEND = YES;
				ENABLE_TESTABILITY = YES;
				GCC_C_LANGUAGE_STANDARD = gnu99;
				GCC_DYNAMIC_NO_PIC = NO;
				GCC_NO_COMMON_BLOCKS = YES;
				GCC_OPTIMIZATION_LEVEL = 0;
				GCC_PREPROCESSOR_DEFINITIONS = (
					"DEBUG=1",
					"$(inherited)",
				);
				GCC_WARN_64_TO_32_BIT_CONVERSION = YES;
				GCC_WARN_ABOUT_RETURN_TYPE = YES_ERROR;
				GCC_WARN_UNDECLARED_SELECTOR = YES;
				GCC_WARN_UNINITIALIZED_AUTOS = YES_AGGRESSIVE;
				GCC_WARN_UNUSED_FUNCTION = YES;
				GCC_WARN_UNUSED_VARIABLE = YES;
				IPHONEOS_DEPLOYMENT_TARGET = 9.3;
				MTL_ENABLE_DEBUG_INFO = YES;
				ONLY_ACTIVE_ARCH = YES;
				SDKROOT = iphoneos;
				SWIFT_OPTIMIZATION_LEVEL = "-Onone";
				TARGETED_DEVICE_FAMILY = "1,2";
			};
			name = Debug;
		};
		245D8A4E1D2758CE0067C04A /* Release */ = {
			isa = XCBuildConfiguration;
			buildSettings = {
				ALWAYS_SEARCH_USER_PATHS = NO;
				CLANG_ANALYZER_NONNULL = YES;
				CLANG_CXX_LANGUAGE_STANDARD = "gnu++0x";
				CLANG_CXX_LIBRARY = "libc++";
				CLANG_ENABLE_MODULES = YES;
				CLANG_ENABLE_OBJC_ARC = YES;
				CLANG_WARN_BOOL_CONVERSION = YES;
				CLANG_WARN_CONSTANT_CONVERSION = YES;
				CLANG_WARN_DIRECT_OBJC_ISA_USAGE = YES_ERROR;
				CLANG_WARN_EMPTY_BODY = YES;
				CLANG_WARN_ENUM_CONVERSION = YES;
				CLANG_WARN_INT_CONVERSION = YES;
				CLANG_WARN_OBJC_ROOT_CLASS = YES_ERROR;
				CLANG_WARN_UNREACHABLE_CODE = YES;
				CLANG_WARN__DUPLICATE_METHOD_MATCH = YES;
				"CODE_SIGN_IDENTITY[sdk=iphoneos*]" = "iPhone Developer";
				COPY_PHASE_STRIP = NO;
				DEBUG_INFORMATION_FORMAT = "dwarf-with-dsym";
				ENABLE_NS_ASSERTIONS = NO;
				ENABLE_STRICT_OBJC_MSGSEND = YES;
				GCC_C_LANGUAGE_STANDARD = gnu99;
				GCC_NO_COMMON_BLOCKS = YES;
				GCC_WARN_64_TO_32_BIT_CONVERSION = YES;
				GCC_WARN_ABOUT_RETURN_TYPE = YES_ERROR;
				GCC_WARN_UNDECLARED_SELECTOR = YES;
				GCC_WARN_UNINITIALIZED_AUTOS = YES_AGGRESSIVE;
				GCC_WARN_UNUSED_FUNCTION = YES;
				GCC_WARN_UNUSED_VARIABLE = YES;
				IPHONEOS_DEPLOYMENT_TARGET = 9.3;
				MTL_ENABLE_DEBUG_INFO = NO;
				SDKROOT = iphoneos;
				TARGETED_DEVICE_FAMILY = "1,2";
				VALIDATE_PRODUCT = YES;
			};
			name = Release;
		};
		245D8A501D2758CE0067C04A /* Debug */ = {
			isa = XCBuildConfiguration;
			buildSettings = {
				ASSETCATALOG_COMPILER_APPICON_NAME = AppIcon;
				INFOPLIST_FILE = cksapp/Info.plist;
				LD_RUNPATH_SEARCH_PATHS = "$(inherited) @executable_path/Frameworks";
				PRODUCT_BUNDLE_IDENTIFIER = com.bhupi.cksapp;
				PRODUCT_NAME = "$(TARGET_NAME)";
			};
			name = Debug;
		};
		245D8A511D2758CE0067C04A /* Release */ = {
			isa = XCBuildConfiguration;
			buildSettings = {
				ASSETCATALOG_COMPILER_APPICON_NAME = AppIcon;
				INFOPLIST_FILE = cksapp/Info.plist;
				LD_RUNPATH_SEARCH_PATHS = "$(inherited) @executable_path/Frameworks";
				PRODUCT_BUNDLE_IDENTIFIER = com.bhupi.cksapp;
				PRODUCT_NAME = "$(TARGET_NAME)";
			};
			name = Release;
		};
		245D8A531D2758CE0067C04A /* Debug */ = {
			isa = XCBuildConfiguration;
			buildSettings = {
				BUNDLE_LOADER = "$(TEST_HOST)";
				INFOPLIST_FILE = cksappTests/Info.plist;
				LD_RUNPATH_SEARCH_PATHS = "$(inherited) @executable_path/Frameworks @loader_path/Frameworks";
				PRODUCT_BUNDLE_IDENTIFIER = com.bhupi.cksappTests;
				PRODUCT_NAME = "$(TARGET_NAME)";
				TEST_HOST = "$(BUILT_PRODUCTS_DIR)/cksapp.app/cksapp";
			};
			name = Debug;
		};
		245D8A541D2758CE0067C04A /* Release */ = {
			isa = XCBuildConfiguration;
			buildSettings = {
				BUNDLE_LOADER = "$(TEST_HOST)";
				INFOPLIST_FILE = cksappTests/Info.plist;
				LD_RUNPATH_SEARCH_PATHS = "$(inherited) @executable_path/Frameworks @loader_path/Frameworks";
				PRODUCT_BUNDLE_IDENTIFIER = com.bhupi.cksappTests;
				PRODUCT_NAME = "$(TARGET_NAME)";
				TEST_HOST = "$(BUILT_PRODUCTS_DIR)/cksapp.app/cksapp";
			};
			name = Release;
		};
		245D8A561D2758CE0067C04A /* Debug */ = {
			isa = XCBuildConfiguration;
			buildSettings = {
				INFOPLIST_FILE = cksappUITests/Info.plist;
				LD_RUNPATH_SEARCH_PATHS = "$(inherited) @executable_path/Frameworks @loader_path/Frameworks";
				PRODUCT_BUNDLE_IDENTIFIER = com.bhupi.cksappUITests;
				PRODUCT_NAME = "$(TARGET_NAME)";
				TEST_TARGET_NAME = cksapp;
			};
			name = Debug;
		};
		245D8A571D2758CE0067C04A /* Release */ = {
			isa = XCBuildConfiguration;
			buildSettings = {
				INFOPLIST_FILE = cksappUITests/Info.plist;
				LD_RUNPATH_SEARCH_PATHS = "$(inherited) @executable_path/Frameworks @loader_path/Frameworks";
				PRODUCT_BUNDLE_IDENTIFIER = com.bhupi.cksappUITests;
				PRODUCT_NAME = "$(TARGET_NAME)";
				TEST_TARGET_NAME = cksapp;
			};
			name = Release;
		};
/* End XCBuildConfiguration section */

/* Begin XCConfigurationList section */
		245D8A201D2758CE0067C04A /* Build configuration list for PBXProject "cksapp" */ = {
			isa = XCConfigurationList;
			buildConfigurations = (
				245D8A4D1D2758CE0067C04A /* Debug */,
				245D8A4E1D2758CE0067C04A /* Release */,
			);
			defaultConfigurationIsVisible = 0;
			defaultConfigurationName = Release;
		};
		245D8A4F1D2758CE0067C04A /* Build configuration list for PBXNativeTarget "cksapp" */ = {
			isa = XCConfigurationList;
			buildConfigurations = (
				245D8A501D2758CE0067C04A /* Debug */,
				245D8A511D2758CE0067C04A /* Release */,
			);
			defaultConfigurationIsVisible = 0;
			defaultConfigurationName = Release;
		};
		245D8A521D2758CE0067C04A /* Build configuration list for PBXNativeTarget "cksappTests" */ = {
			isa = XCConfigurationList;
			buildConfigurations = (
				245D8A531D2758CE0067C04A /* Debug */,
				245D8A541D2758CE0067C04A /* Release */,
			);
			defaultConfigurationIsVisible = 0;
			defaultConfigurationName = Release;
		};
		245D8A551D2758CE0067C04A /* Build configuration list for PBXNativeTarget "cksappUITests" */ = {
			isa = XCConfigurationList;
			buildConfigurations = (
				245D8A561D2758CE0067C04A /* Debug */,
				245D8A571D2758CE0067C04A /* Release */,
			);
			defaultConfigurationIsVisible = 0;
			defaultConfigurationName = Release;
		};
/* End XCConfigurationList section */
	};
	rootObject = 245D8A1D1D2758CE0067C04A /* Project object */;
}
